{
  "requires": true,
  "lockfileVersion": 1,
  "dependencies": {
    "axios": {
      "version": "0.15.3",
      "resolved": "https://registry.npmjs.org/axios/-/axios-0.15.3.tgz",
      "integrity": "sha1-LJ1jiy4ZGgjqHWzJiOrda6W9wFM=",
      "dev": true
    },
    "cross-env": {
      "version": "3.2.4",
      "resolved": "https://registry.npmjs.org/cross-env/-/cross-env-3.2.4.tgz",
      "integrity": "sha1-ngWF8neGTtQhznVvgamA/w1piro=",
      "dev": true
    },
    "jquery": {
      "version": "3.2.1",
      "resolved": "https://registry.npmjs.org/jquery/-/jquery-3.2.1.tgz",
      "integrity": "sha1-XE2d5lKvbNCncBVKYxu6ErAVx4c=",
      "dev": true
    },
    "laravel-mix": {
      "version": "0.8.9",
      "resolved": "https://registry.npmjs.org/laravel-mix/-/laravel-mix-0.8.9.tgz",
      "integrity": "sha1-1Pva7hfBYZNbMOdNzEVSA30OFow=",
      "dev": true
    },
    "lodash": {
      "version": "4.17.19",
      "resolved": "https://registry.npmjs.org/lodash/-/lodash-4.17.19.tgz",
      "integrity": "sha512-JNvd8XER9GQX0v2qJgsaN/mzFCNA5BRe/j8JN9d+tWyGLSodKQHKFicdwNYzWwI3wjRnaKPsGj1XkBjx/F96DQ==",
      "dev": true
    }
  }
}
